// !$*UTF8*$!
{
	archiveVersion = 1;
	classes = {
	};
	objectVersion = 56;
	objects = {

/* Begin PBXBuildFile section */
		2E027DAF90AE9B44758C78C5 /* Pods_Networking_NetworkingUITests.framework in Frameworks */ = {isa = PBXBuildFile; fileRef = CC72704FE0A13506D2EEC10B /* Pods_Networking_NetworkingUITests.framework */; };
		569A326F2A37704800DE5380 /* Penance.m in Sources */ = {isa = PBXBuildFile; fileRef = 569A326E2A37704800DE5380 /* Penance.m */; };
		56A2C6A32A376D22002351BB /* AppDelegate.m in Sources */ = {isa = PBXBuildFile; fileRef = 56A2C6A22A376D22002351BB /* AppDelegate.m */; };
		56A2C6A62A376D22002351BB /* SceneDelegate.m in Sources */ = {isa = PBXBuildFile; fileRef = 56A2C6A52A376D22002351BB /* SceneDelegate.m */; };
		56A2C6A92A376D22002351BB /* ViewController.m in Sources */ = {isa = PBXBuildFile; fileRef = 56A2C6A82A376D22002351BB /* ViewController.m */; };
		56A2C6AC2A376D22002351BB /* Main.storyboard in Resources */ = {isa = PBXBuildFile; fileRef = 56A2C6AA2A376D22002351BB /* Main.storyboard */; };
		56A2C6AF2A376D22002351BB /* Networking.xcdatamodeld in Sources */ = {isa = PBXBuildFile; fileRef = 56A2C6AD2A376D22002351BB /* Networking.xcdatamodeld */; };
		56A2C6B12A376D28002351BB /* Assets.xcassets in Resources */ = {isa = PBXBuildFile; fileRef = 56A2C6B02A376D28002351BB /* Assets.xcassets */; };
		56A2C6B42A376D28002351BB /* LaunchScreen.storyboard in Resources */ = {isa = PBXBuildFile; fileRef = 56A2C6B22A376D28002351BB /* LaunchScreen.storyboard */; };
		56A2C6B72A376D28002351BB /* main.m in Sources */ = {isa = PBXBuildFile; fileRef = 56A2C6B62A376D28002351BB /* main.m */; };
		56A2C6C12A376D28002351BB /* NetworkingTests.m in Sources */ = {isa = PBXBuildFile; fileRef = 56A2C6C02A376D28002351BB /* NetworkingTests.m */; };
		56A2C6CB2A376D28002351BB /* NetworkingUITests.m in Sources */ = {isa = PBXBuildFile; fileRef = 56A2C6CA2A376D28002351BB /* NetworkingUITests.m */; };
		56A2C6CD2A376D28002351BB /* NetworkingUITestsLaunchTests.m in Sources */ = {isa = PBXBuildFile; fileRef = 56A2C6CC2A376D28002351BB /* NetworkingUITestsLaunchTests.m */; };
		56A2C6DC2A376E78002351BB /* Butler.m in Sources */ = {isa = PBXBuildFile; fileRef = 56A2C6DB2A376E78002351BB /* Butler.m */; };
		BAD4B4389352D94A992C4871 /* Pods_Networking.framework in Frameworks */ = {isa = PBXBuildFile; fileRef = 12085A4FB03725B481B12ED9 /* Pods_Networking.framework */; };
		EF4CE3D8DF066810AE8FCDAF /* Pods_NetworkingTests.framework in Frameworks */ = {isa = PBXBuildFile; fileRef = 7F1C4881CF2E61A680810E74 /* Pods_NetworkingTests.framework */; };
/* End PBXBuildFile section */

/* Begin PBXContainerItemProxy section */
		56A2C6BD2A376D28002351BB /* PBXContainerItemProxy */ = {
			isa = PBXContainerItemProxy;
			containerPortal = 56A2C6962A376D22002351BB /* Project object */;
			proxyType = 1;
			remoteGlobalIDString = 56A2C69D2A376D22002351BB;
			remoteInfo = Networking;
		};
		56A2C6C72A376D28002351BB /* PBXContainerItemProxy */ = {
			isa = PBXContainerItemProxy;
			containerPortal = 56A2C6962A376D22002351BB /* Project object */;
			proxyType = 1;
			remoteGlobalIDString = 56A2C69D2A376D22002351BB;
			remoteInfo = Networking;
		};
/* End PBXContainerItemProxy section */

/* Begin PBXFileReference section */
		07CCA2FEBE2B5113732F447E /* Pods-Networking-NetworkingUITests.release.xcconfig */ = {isa = PBXFileReference; includeInIndex = 1; lastKnownFileType = text.xcconfig; name = "Pods-Networking-NetworkingUITests.release.xcconfig"; path = "Target Support Files/Pods-Networking-NetworkingUITests/Pods-Networking-NetworkingUITests.release.xcconfig"; sourceTree = "<group>"; };
		12085A4FB03725B481B12ED9 /* Pods_Networking.framework */ = {isa = PBXFileReference; explicitFileType = wrapper.framework; includeInIndex = 0; path = Pods_Networking.framework; sourceTree = BUILT_PRODUCTS_DIR; };
		2743DA5A7B9F41D6EA91CB45 /* Pods-NetworkingTests.debug.xcconfig */ = {isa = PBXFileReference; includeInIndex = 1; lastKnownFileType = text.xcconfig; name = "Pods-NetworkingTests.debug.xcconfig"; path = "Target Support Files/Pods-NetworkingTests/Pods-NetworkingTests.debug.xcconfig"; sourceTree = "<group>"; };
		3D879CBA0A925F076E61B0EF /* Pods-NetworkingTests.release.xcconfig */ = {isa = PBXFileReference; includeInIndex = 1; lastKnownFileType = text.xcconfig; name = "Pods-NetworkingTests.release.xcconfig"; path = "Target Support Files/Pods-NetworkingTests/Pods-NetworkingTests.release.xcconfig"; sourceTree = "<group>"; };
		53BD2CD03125E370884FCDFA /* Pods-Networking-NetworkingUITests.debug.xcconfig */ = {isa = PBXFileReference; includeInIndex = 1; lastKnownFileType = text.xcconfig; name = "Pods-Networking-NetworkingUITests.debug.xcconfig"; path = "Target Support Files/Pods-Networking-NetworkingUITests/Pods-Networking-NetworkingUITests.debug.xcconfig"; sourceTree = "<group>"; };
		569A326D2A37701500DE5380 /* Penance.h */ = {isa = PBXFileReference; lastKnownFileType = sourcecode.c.h; path = Penance.h; sourceTree = "<group>"; };
		569A326E2A37704800DE5380 /* Penance.m */ = {isa = PBXFileReference; lastKnownFileType = sourcecode.c.objc; path = Penance.m; sourceTree = "<group>"; };
		56A2C69E2A376D22002351BB /* Networking.app */ = {isa = PBXFileReference; explicitFileType = wrapper.application; includeInIndex = 0; path = Networking.app; sourceTree = BUILT_PRODUCTS_DIR; };
		56A2C6A12A376D22002351BB /* AppDelegate.h */ = {isa = PBXFileReference; lastKnownFileType = sourcecode.c.h; path = AppDelegate.h; sourceTree = "<group>"; };
		56A2C6A22A376D22002351BB /* AppDelegate.m */ = {isa = PBXFileReference; lastKnownFileType = sourcecode.c.objc; path = AppDelegate.m; sourceTree = "<group>"; };
		56A2C6A42A376D22002351BB /* SceneDelegate.h */ = {isa = PBXFileReference; lastKnownFileType = sourcecode.c.h; path = SceneDelegate.h; sourceTree = "<group>"; };
		56A2C6A52A376D22002351BB /* SceneDelegate.m */ = {isa = PBXFileReference; lastKnownFileType = sourcecode.c.objc; path = SceneDelegate.m; sourceTree = "<group>"; };
		56A2C6A72A376D22002351BB /* ViewController.h */ = {isa = PBXFileReference; lastKnownFileType = sourcecode.c.h; path = ViewController.h; sourceTree = "<group>"; };
		56A2C6A82A376D22002351BB /* ViewController.m */ = {isa = PBXFileReference; lastKnownFileType = sourcecode.c.objc; path = ViewController.m; sourceTree = "<group>"; };
		56A2C6AB2A376D22002351BB /* Base */ = {isa = PBXFileReference; lastKnownFileType = file.storyboard; name = Base; path = Base.lproj/Main.storyboard; sourceTree = "<group>"; };
		56A2C6AE2A376D22002351BB /* Networking.xcdatamodel */ = {isa = PBXFileReference; lastKnownFileType = wrapper.xcdatamodel; path = Networking.xcdatamodel; sourceTree = "<group>"; };
		56A2C6B02A376D28002351BB /* Assets.xcassets */ = {isa = PBXFileReference; lastKnownFileType = folder.assetcatalog; path = Assets.xcassets; sourceTree = "<group>"; };
		56A2C6B32A376D28002351BB /* Base */ = {isa = PBXFileReference; lastKnownFileType = file.storyboard; name = Base; path = Base.lproj/LaunchScreen.storyboard; sourceTree = "<group>"; };
		56A2C6B52A376D28002351BB /* Info.plist */ = {isa = PBXFileReference; lastKnownFileType = text.plist.xml; path = Info.plist; sourceTree = "<group>"; };
		56A2C6B62A376D28002351BB /* main.m */ = {isa = PBXFileReference; lastKnownFileType = sourcecode.c.objc; path = main.m; sourceTree = "<group>"; };
		56A2C6BC2A376D28002351BB /* NetworkingTests.xctest */ = {isa = PBXFileReference; explicitFileType = wrapper.cfbundle; includeInIndex = 0; path = NetworkingTests.xctest; sourceTree = BUILT_PRODUCTS_DIR; };
		56A2C6C02A376D28002351BB /* NetworkingTests.m */ = {isa = PBXFileReference; lastKnownFileType = sourcecode.c.objc; path = NetworkingTests.m; sourceTree = "<group>"; };
		56A2C6C62A376D28002351BB /* NetworkingUITests.xctest */ = {isa = PBXFileReference; explicitFileType = wrapper.cfbundle; includeInIndex = 0; path = NetworkingUITests.xctest; sourceTree = BUILT_PRODUCTS_DIR; };
		56A2C6CA2A376D28002351BB /* NetworkingUITests.m */ = {isa = PBXFileReference; lastKnownFileType = sourcecode.c.objc; path = NetworkingUITests.m; sourceTree = "<group>"; };
		56A2C6CC2A376D28002351BB /* NetworkingUITestsLaunchTests.m */ = {isa = PBXFileReference; lastKnownFileType = sourcecode.c.objc; path = NetworkingUITestsLaunchTests.m; sourceTree = "<group>"; };
		56A2C6DA2A376DFB002351BB /* Butler.h */ = {isa = PBXFileReference; lastKnownFileType = sourcecode.c.h; path = Butler.h; sourceTree = "<group>"; };
		56A2C6DB2A376E78002351BB /* Butler.m */ = {isa = PBXFileReference; lastKnownFileType = sourcecode.c.objc; path = Butler.m; sourceTree = "<group>"; };
		7F1C4881CF2E61A680810E74 /* Pods_NetworkingTests.framework */ = {isa = PBXFileReference; explicitFileType = wrapper.framework; includeInIndex = 0; path = Pods_NetworkingTests.framework; sourceTree = BUILT_PRODUCTS_DIR; };
		8F78DF9E4D589C7BBAB1AF8A /* Pods-Networking.release.xcconfig */ = {isa = PBXFileReference; includeInIndex = 1; lastKnownFileType = text.xcconfig; name = "Pods-Networking.release.xcconfig"; path = "Target Support Files/Pods-Networking/Pods-Networking.release.xcconfig"; sourceTree = "<group>"; };
		A82009A3CC4FE62BD0ABC7ED /* Pods-Networking.debug.xcconfig */ = {isa = PBXFileReference; includeInIndex = 1; lastKnownFileType = text.xcconfig; name = "Pods-Networking.debug.xcconfig"; path = "Target Support Files/Pods-Networking/Pods-Networking.debug.xcconfig"; sourceTree = "<group>"; };
		CC72704FE0A13506D2EEC10B /* Pods_Networking_NetworkingUITests.framework */ = {isa = PBXFileReference; explicitFileType = wrapper.framework; includeInIndex = 0; path = Pods_Networking_NetworkingUITests.framework; sourceTree = BUILT_PRODUCTS_DIR; };
/* End PBXFileReference section */

/* Begin PBXFrameworksBuildPhase section */
		56A2C69B2A376D22002351BB /* Frameworks */ = {
			isa = PBXFrameworksBuildPhase;
			buildActionMask = 2147483647;
			files = (
				BAD4B4389352D94A992C4871 /* Pods_Networking.framework in Frameworks */,
			);
			runOnlyForDeploymentPostprocessing = 0;
		};
		56A2C6B92A376D28002351BB /* Frameworks */ = {
			isa = PBXFrameworksBuildPhase;
			buildActionMask = 2147483647;
			files = (
				EF4CE3D8DF066810AE8FCDAF /* Pods_NetworkingTests.framework in Frameworks */,
			);
			runOnlyForDeploymentPostprocessing = 0;
		};
		56A2C6C32A376D28002351BB /* Frameworks */ = {
			isa = PBXFrameworksBuildPhase;
			buildActionMask = 2147483647;
			files = (
				2E027DAF90AE9B44758C78C5 /* Pods_Networking_NetworkingUITests.framework in Frameworks */,
			);
			runOnlyForDeploymentPostprocessing = 0;
		};
/* End PBXFrameworksBuildPhase section */

/* Begin PBXGroup section */
		29073BE29D0C3B54A109AD4B /* Frameworks */ = {
			isa = PBXGroup;
			children = (
				12085A4FB03725B481B12ED9 /* Pods_Networking.framework */,
				CC72704FE0A13506D2EEC10B /* Pods_Networking_NetworkingUITests.framework */,
				7F1C4881CF2E61A680810E74 /* Pods_NetworkingTests.framework */,
			);
			name = Frameworks;
			sourceTree = "<group>";
		};
		56A2C6952A376D22002351BB = {
			isa = PBXGroup;
			children = (
				56A2C6A02A376D22002351BB /* Networking */,
				56A2C6BF2A376D28002351BB /* NetworkingTests */,
				56A2C6C92A376D28002351BB /* NetworkingUITests */,
				56A2C69F2A376D22002351BB /* Products */,
				ACD92EC777F9EBCF71DE2B0D /* Pods */,
				29073BE29D0C3B54A109AD4B /* Frameworks */,
			);
			sourceTree = "<group>";
		};
		56A2C69F2A376D22002351BB /* Products */ = {
			isa = PBXGroup;
			children = (
				56A2C69E2A376D22002351BB /* Networking.app */,
				56A2C6BC2A376D28002351BB /* NetworkingTests.xctest */,
				56A2C6C62A376D28002351BB /* NetworkingUITests.xctest */,
			);
			name = Products;
			sourceTree = "<group>";
		};
		56A2C6A02A376D22002351BB /* Networking */ = {
			isa = PBXGroup;
			children = (
				56A2C6D92A376DD6002351BB /* Manager */,
				56A2C6A12A376D22002351BB /* AppDelegate.h */,
				56A2C6A22A376D22002351BB /* AppDelegate.m */,
				56A2C6A42A376D22002351BB /* SceneDelegate.h */,
				56A2C6A52A376D22002351BB /* SceneDelegate.m */,
				56A2C6A72A376D22002351BB /* ViewController.h */,
				56A2C6A82A376D22002351BB /* ViewController.m */,
				56A2C6AA2A376D22002351BB /* Main.storyboard */,
				56A2C6B02A376D28002351BB /* Assets.xcassets */,
				56A2C6B22A376D28002351BB /* LaunchScreen.storyboard */,
				56A2C6B52A376D28002351BB /* Info.plist */,
				56A2C6B62A376D28002351BB /* main.m */,
				56A2C6AD2A376D22002351BB /* Networking.xcdatamodeld */,
			);
			path = Networking;
			sourceTree = "<group>";
		};
		56A2C6BF2A376D28002351BB /* NetworkingTests */ = {
			isa = PBXGroup;
			children = (
				56A2C6C02A376D28002351BB /* NetworkingTests.m */,
			);
			path = NetworkingTests;
			sourceTree = "<group>";
		};
		56A2C6C92A376D28002351BB /* NetworkingUITests */ = {
			isa = PBXGroup;
			children = (
				56A2C6CA2A376D28002351BB /* NetworkingUITests.m */,
				56A2C6CC2A376D28002351BB /* NetworkingUITestsLaunchTests.m */,
			);
			path = NetworkingUITests;
			sourceTree = "<group>";
		};
		56A2C6D92A376DD6002351BB /* Manager */ = {
			isa = PBXGroup;
			children = (
				56A2C6DA2A376DFB002351BB /* Butler.h */,
				56A2C6DB2A376E78002351BB /* Butler.m */,
				569A326D2A37701500DE5380 /* Penance.h */,
				569A326E2A37704800DE5380 /* Penance.m */,
			);
			path = Manager;
			sourceTree = "<group>";
		};
		ACD92EC777F9EBCF71DE2B0D /* Pods */ = {
			isa = PBXGroup;
			children = (
				A82009A3CC4FE62BD0ABC7ED /* Pods-Networking.debug.xcconfig */,
				8F78DF9E4D589C7BBAB1AF8A /* Pods-Networking.release.xcconfig */,
				53BD2CD03125E370884FCDFA /* Pods-Networking-NetworkingUITests.debug.xcconfig */,
				07CCA2FEBE2B5113732F447E /* Pods-Networking-NetworkingUITests.release.xcconfig */,
				2743DA5A7B9F41D6EA91CB45 /* Pods-NetworkingTests.debug.xcconfig */,
				3D879CBA0A925F076E61B0EF /* Pods-NetworkingTests.release.xcconfig */,
			);
			name = Pods;
			path = Pods;
			sourceTree = "<group>";
		};
/* End PBXGroup section */

/* Begin PBXNativeTarget section */
		56A2C69D2A376D22002351BB /* Networking */ = {
			isa = PBXNativeTarget;
			buildConfigurationList = 56A2C6D02A376D28002351BB /* Build configuration list for PBXNativeTarget "Networking" */;
			buildPhases = (
				341048D242C725209598C85D /* [CP] Check Pods Manifest.lock */,
				56A2C69A2A376D22002351BB /* Sources */,
				56A2C69B2A376D22002351BB /* Frameworks */,
				56A2C69C2A376D22002351BB /* Resources */,
				702DD112F6A48F9820879A50 /* [CP] Embed Pods Frameworks */,
			);
			buildRules = (
			);
			dependencies = (
			);
			name = Networking;
			productName = Networking;
			productReference = 56A2C69E2A376D22002351BB /* Networking.app */;
			productType = "com.apple.product-type.application";
		};
		56A2C6BB2A376D28002351BB /* NetworkingTests */ = {
			isa = PBXNativeTarget;
			buildConfigurationList = 56A2C6D32A376D28002351BB /* Build configuration list for PBXNativeTarget "NetworkingTests" */;
			buildPhases = (
				25791899D6B861A95C93FEF0 /* [CP] Check Pods Manifest.lock */,
				56A2C6B82A376D28002351BB /* Sources */,
				56A2C6B92A376D28002351BB /* Frameworks */,
				56A2C6BA2A376D28002351BB /* Resources */,
			);
			buildRules = (
			);
			dependencies = (
				56A2C6BE2A376D28002351BB /* PBXTargetDependency */,
			);
			name = NetworkingTests;
			productName = NetworkingTests;
			productReference = 56A2C6BC2A376D28002351BB /* NetworkingTests.xctest */;
			productType = "com.apple.product-type.bundle.unit-test";
		};
		56A2C6C52A376D28002351BB /* NetworkingUITests */ = {
			isa = PBXNativeTarget;
			buildConfigurationList = 56A2C6D62A376D28002351BB /* Build configuration list for PBXNativeTarget "NetworkingUITests" */;
			buildPhases = (
				BAA672F8861D1CCAAC9B7E20 /* [CP] Check Pods Manifest.lock */,
				56A2C6C22A376D28002351BB /* Sources */,
				56A2C6C32A376D28002351BB /* Frameworks */,
				56A2C6C42A376D28002351BB /* Resources */,
				72C49E4F9E6922AE6168257C /* [CP] Embed Pods Frameworks */,
			);
			buildRules = (
			);
			dependencies = (
				56A2C6C82A376D28002351BB /* PBXTargetDependency */,
			);
			name = NetworkingUITests;
			productName = NetworkingUITests;
			productReference = 56A2C6C62A376D28002351BB /* NetworkingUITests.xctest */;
			productType = "com.apple.product-type.bundle.ui-testing";
		};
/* End PBXNativeTarget section */

/* Begin PBXProject section */
		56A2C6962A376D22002351BB /* Project object */ = {
			isa = PBXProject;
			attributes = {
				BuildIndependentTargetsInParallel = 1;
				LastUpgradeCheck = 1420;
				TargetAttributes = {
					56A2C69D2A376D22002351BB = {
						CreatedOnToolsVersion = 14.2;
					};
					56A2C6BB2A376D28002351BB = {
						CreatedOnToolsVersion = 14.2;
						TestTargetID = 56A2C69D2A376D22002351BB;
					};
					56A2C6C52A376D28002351BB = {
						CreatedOnToolsVersion = 14.2;
						TestTargetID = 56A2C69D2A376D22002351BB;
					};
				};
			};
			buildConfigurationList = 56A2C6992A376D22002351BB /* Build configuration list for PBXProject "Networking" */;
			compatibilityVersion = "Xcode 14.0";
			developmentRegion = en;
			hasScannedForEncodings = 0;
			knownRegions = (
				en,
				Base,
			);
			mainGroup = 56A2C6952A376D22002351BB;
			productRefGroup = 56A2C69F2A376D22002351BB /* Products */;
			projectDirPath = "";
			projectRoot = "";
			targets = (
				56A2C69D2A376D22002351BB /* Networking */,
				56A2C6BB2A376D28002351BB /* NetworkingTests */,
				56A2C6C52A376D28002351BB /* NetworkingUITests */,
			);
		};
/* End PBXProject section */

/* Begin PBXResourcesBuildPhase section */
		56A2C69C2A376D22002351BB /* Resources */ = {
			isa = PBXResourcesBuildPhase;
			buildActionMask = 2147483647;
			files = (
				56A2C6B42A376D28002351BB /* LaunchScreen.storyboard in Resources */,
				56A2C6B12A376D28002351BB /* Assets.xcassets in Resources */,
				56A2C6AC2A376D22002351BB /* Main.storyboard in Resources */,
			);
			runOnlyForDeploymentPostprocessing = 0;
		};
		56A2C6BA2A376D28002351BB /* Resources */ = {
			isa = PBXResourcesBuildPhase;
			buildActionMask = 2147483647;
			files = (
			);
			runOnlyForDeploymentPostprocessing = 0;
		};
		56A2C6C42A376D28002351BB /* Resources */ = {
			isa = PBXResourcesBuildPhase;
			buildActionMask = 2147483647;
			files = (
			);
			runOnlyForDeploymentPostprocessing = 0;
		};
/* End PBXResourcesBuildPhase section */

/* Begin PBXShellScriptBuildPhase section */
		25791899D6B861A95C93FEF0 /* [CP] Check Pods Manifest.lock */ = {
			isa = PBXShellScriptBuildPhase;
			buildActionMask = 2147483647;
			files = (
			);
			inputFileListPaths = (
			);
			inputPaths = (
				"${PODS_PODFILE_DIR_PATH}/Podfile.lock",
				"${PODS_ROOT}/Manifest.lock",
			);
			name = "[CP] Check Pods Manifest.lock";
			outputFileListPaths = (
			);
			outputPaths = (
				"$(DERIVED_FILE_DIR)/Pods-NetworkingTests-checkManifestLockResult.txt",
			);
			runOnlyForDeploymentPostprocessing = 0;
			shellPath = /bin/sh;
			shellScript = "diff \"${PODS_PODFILE_DIR_PATH}/Podfile.lock\" \"${PODS_ROOT}/Manifest.lock\" > /dev/null\nif [ $? != 0 ] ; then\n    # print error to STDERR\n    echo \"error: The sandbox is not in sync with the Podfile.lock. Run 'pod install' or update your CocoaPods installation.\" >&2\n    exit 1\nfi\n# This output is used by Xcode 'outputs' to avoid re-running this script phase.\necho \"SUCCESS\" > \"${SCRIPT_OUTPUT_FILE_0}\"\n";
			showEnvVarsInLog = 0;
		};
		341048D242C725209598C85D /* [CP] Check Pods Manifest.lock */ = {
			isa = PBXShellScriptBuildPhase;
			buildActionMask = 2147483647;
			files = (
			);
			inputFileListPaths = (
			);
			inputPaths = (
				"${PODS_PODFILE_DIR_PATH}/Podfile.lock",
				"${PODS_ROOT}/Manifest.lock",
			);
			name = "[CP] Check Pods Manifest.lock";
			outputFileListPaths = (
			);
			outputPaths = (
				"$(DERIVED_FILE_DIR)/Pods-Networking-checkManifestLockResult.txt",
			);
			runOnlyForDeploymentPostprocessing = 0;
			shellPath = /bin/sh;
			shellScript = "diff \"${PODS_PODFILE_DIR_PATH}/Podfile.lock\" \"${PODS_ROOT}/Manifest.lock\" > /dev/null\nif [ $? != 0 ] ; then\n    # print error to STDERR\n    echo \"error: The sandbox is not in sync with the Podfile.lock. Run 'pod install' or update your CocoaPods installation.\" >&2\n    exit 1\nfi\n# This output is used by Xcode 'outputs' to avoid re-running this script phase.\necho \"SUCCESS\" > \"${SCRIPT_OUTPUT_FILE_0}\"\n";
			showEnvVarsInLog = 0;
		};
		702DD112F6A48F9820879A50 /* [CP] Embed Pods Frameworks */ = {
			isa = PBXShellScriptBuildPhase;
			buildActionMask = 2147483647;
			files = (
			);
			inputFileListPaths = (
				"${PODS_ROOT}/Target Support Files/Pods-Networking/Pods-Networking-frameworks-${CONFIGURATION}-input-files.xcfilelist",
			);
			name = "[CP] Embed Pods Frameworks";
			outputFileListPaths = (
				"${PODS_ROOT}/Target Support Files/Pods-Networking/Pods-Networking-frameworks-${CONFIGURATION}-output-files.xcfilelist",
			);
			runOnlyForDeploymentPostprocessing = 0;
			shellPath = /bin/sh;
			shellScript = "\"${PODS_ROOT}/Target Support Files/Pods-Networking/Pods-Networking-frameworks.sh\"\n";
			showEnvVarsInLog = 0;
		};
		72C49E4F9E6922AE6168257C /* [CP] Embed Pods Frameworks */ = {
			isa = PBXShellScriptBuildPhase;
			buildActionMask = 2147483647;
			files = (
			);
			inputFileListPaths = (
				"${PODS_ROOT}/Target Support Files/Pods-Networking-NetworkingUITests/Pods-Networking-NetworkingUITests-frameworks-${CONFIGURATION}-input-files.xcfilelist",
			);
			name = "[CP] Embed Pods Frameworks";
			outputFileListPaths = (
				"${PODS_ROOT}/Target Support Files/Pods-Networking-NetworkingUITests/Pods-Networking-NetworkingUITests-frameworks-${CONFIGURATION}-output-files.xcfilelist",
			);
			runOnlyForDeploymentPostprocessing = 0;
			shellPath = /bin/sh;
			shellScript = "\"${PODS_ROOT}/Target Support Files/Pods-Networking-NetworkingUITests/Pods-Networking-NetworkingUITests-frameworks.sh\"\n";
			showEnvVarsInLog = 0;
		};
		BAA672F8861D1CCAAC9B7E20 /* [CP] Check Pods Manifest.lock */ = {
			isa = PBXShellScriptBuildPhase;
			buildActionMask = 2147483647;
			files = (
			);
			inputFileListPaths = (
			);
			inputPaths = (
				"${PODS_PODFILE_DIR_PATH}/Podfile.lock",
				"${PODS_ROOT}/Manifest.lock",
			);
			name = "[CP] Check Pods Manifest.lock";
			outputFileListPaths = (
			);
			outputPaths = (
				"$(DERIVED_FILE_DIR)/Pods-Networking-NetworkingUITests-checkManifestLockResult.txt",
			);
			runOnlyForDeploymentPostprocessing = 0;
			shellPath = /bin/sh;
			shellScript = "diff \"${PODS_PODFILE_DIR_PATH}/Podfile.lock\" \"${PODS_ROOT}/Manifest.lock\" > /dev/null\nif [ $? != 0 ] ; then\n    # print error to STDERR\n    echo \"error: The sandbox is not in sync with the Podfile.lock. Run 'pod install' or update your CocoaPods installation.\" >&2\n    exit 1\nfi\n# This output is used by Xcode 'outputs' to avoid re-running this script phase.\necho \"SUCCESS\" > \"${SCRIPT_OUTPUT_FILE_0}\"\n";
			showEnvVarsInLog = 0;
		};
/* End PBXShellScriptBuildPhase section */

/* Begin PBXSourcesBuildPhase section */
		56A2C69A2A376D22002351BB /* Sources */ = {
			isa = PBXSourcesBuildPhase;
			buildActionMask = 2147483647;
			files = (
				56A2C6B72A376D28002351BB /* main.m in Sources */,
				56A2C6DC2A376E78002351BB /* Butler.m in Sources */,
				569A326F2A37704800DE5380 /* Penance.m in Sources */,
				56A2C6A92A376D22002351BB /* ViewController.m in Sources */,
				56A2C6A32A376D22002351BB /* AppDelegate.m in Sources */,
				56A2C6A62A376D22002351BB /* SceneDelegate.m in Sources */,
				56A2C6AF2A376D22002351BB /* Networking.xcdatamodeld in Sources */,
			);
			runOnlyForDeploymentPostprocessing = 0;
		};
		56A2C6B82A376D28002351BB /* Sources */ = {
			isa = PBXSourcesBuildPhase;
			buildActionMask = 2147483647;
			files = (
				56A2C6C12A376D28002351BB /* NetworkingTests.m in Sources */,
			);
			runOnlyForDeploymentPostprocessing = 0;
		};
		56A2C6C22A376D28002351BB /* Sources */ = {
			isa = PBXSourcesBuildPhase;
			buildActionMask = 2147483647;
			files = (
				56A2C6CD2A376D28002351BB /* NetworkingUITestsLaunchTests.m in Sources */,
				56A2C6CB2A376D28002351BB /* NetworkingUITests.m in Sources */,
			);
			runOnlyForDeploymentPostprocessing = 0;
		};
/* End PBXSourcesBuildPhase section */

/* Begin PBXTargetDependency section */
		56A2C6BE2A376D28002351BB /* PBXTargetDependency */ = {
			isa = PBXTargetDependency;
			target = 56A2C69D2A376D22002351BB /* Networking */;
			targetProxy = 56A2C6BD2A376D28002351BB /* PBXContainerItemProxy */;
		};
		56A2C6C82A376D28002351BB /* PBXTargetDependency */ = {
			isa = PBXTargetDependency;
			target = 56A2C69D2A376D22002351BB /* Networking */;
			targetProxy = 56A2C6C72A376D28002351BB /* PBXContainerItemProxy */;
		};
/* End PBXTargetDependency section */

/* Begin PBXVariantGroup section */
		56A2C6AA2A376D22002351BB /* Main.storyboard */ = {
			isa = PBXVariantGroup;
			children = (
				56A2C6AB2A376D22002351BB /* Base */,
			);
			name = Main.storyboard;
			sourceTree = "<group>";
		};
		56A2C6B22A376D28002351BB /* LaunchScreen.storyboard */ = {
			isa = PBXVariantGroup;
			children = (
				56A2C6B32A376D28002351BB /* Base */,
			);
			name = LaunchScreen.storyboard;
			sourceTree = "<group>";
		};
/* End PBXVariantGroup section */

/* Begin XCBuildConfiguration section */
		56A2C6CE2A376D28002351BB /* Debug */ = {
			isa = XCBuildConfiguration;
			buildSettings = {
				ALWAYS_SEARCH_USER_PATHS = NO;
				CLANG_ANALYZER_NONNULL = YES;
				CLANG_ANALYZER_NUMBER_OBJECT_CONVERSION = YES_AGGRESSIVE;
				CLANG_CXX_LANGUAGE_STANDARD = "gnu++20";
				CLANG_ENABLE_MODULES = YES;
				CLANG_ENABLE_OBJC_ARC = YES;
				CLANG_ENABLE_OBJC_WEAK = YES;
				CLANG_WARN_BLOCK_CAPTURE_AUTORELEASING = YES;
				CLANG_WARN_BOOL_CONVERSION = YES;
				CLANG_WARN_COMMA = YES;
				CLANG_WARN_CONSTANT_CONVERSION = YES;
				CLANG_WARN_DEPRECATED_OBJC_IMPLEMENTATIONS = YES;
				CLANG_WARN_DIRECT_OBJC_ISA_USAGE = YES_ERROR;
				CLANG_WARN_DOCUMENTATION_COMMENTS = YES;
				CLANG_WARN_EMPTY_BODY = YES;
				CLANG_WARN_ENUM_CONVERSION = YES;
				CLANG_WARN_INFINITE_RECURSION = YES;
				CLANG_WARN_INT_CONVERSION = YES;
				CLANG_WARN_NON_LITERAL_NULL_CONVERSION = YES;
				CLANG_WARN_OBJC_IMPLICIT_RETAIN_SELF = YES;
				CLANG_WARN_OBJC_LITERAL_CONVERSION = YES;
				CLANG_WARN_OBJC_ROOT_CLASS = YES_ERROR;
				CLANG_WARN_QUOTED_INCLUDE_IN_FRAMEWORK_HEADER = YES;
				CLANG_WARN_RANGE_LOOP_ANALYSIS = YES;
				CLANG_WARN_STRICT_PROTOTYPES = YES;
				CLANG_WARN_SUSPICIOUS_MOVE = YES;
				CLANG_WARN_UNGUARDED_AVAILABILITY = YES_AGGRESSIVE;
				CLANG_WARN_UNREACHABLE_CODE = YES;
				CLANG_WARN__DUPLICATE_METHOD_MATCH = YES;
				COPY_PHASE_STRIP = NO;
				DEBUG_INFORMATION_FORMAT = dwarf;
				ENABLE_STRICT_OBJC_MSGSEND = YES;
				ENABLE_TESTABILITY = YES;
				GCC_C_LANGUAGE_STANDARD = gnu11;
				GCC_DYNAMIC_NO_PIC = NO;
				GCC_NO_COMMON_BLOCKS = YES;
				GCC_OPTIMIZATION_LEVEL = 0;
				GCC_PREPROCESSOR_DEFINITIONS = (
					"DEBUG=1",
					"$(inherited)",
				);
				GCC_WARN_64_TO_32_BIT_CONVERSION = YES;
				GCC_WARN_ABOUT_RETURN_TYPE = YES_ERROR;
				GCC_WARN_UNDECLARED_SELECTOR = YES;
				GCC_WARN_UNINITIALIZED_AUTOS = YES_AGGRESSIVE;
				GCC_WARN_UNUSED_FUNCTION = YES;
				GCC_WARN_UNUSED_VARIABLE = YES;
				IPHONEOS_DEPLOYMENT_TARGET = 16.2;
				MTL_ENABLE_DEBUG_INFO = INCLUDE_SOURCE;
				MTL_FAST_MATH = YES;
				ONLY_ACTIVE_ARCH = YES;
				SDKROOT = iphoneos;
			};
			name = Debug;
		};
		56A2C6CF2A376D28002351BB /* Release */ = {
			isa = XCBuildConfiguration;
			buildSettings = {
				ALWAYS_SEARCH_USER_PATHS = NO;
				CLANG_ANALYZER_NONNULL = YES;
				CLANG_ANALYZER_NUMBER_OBJECT_CONVERSION = YES_AGGRESSIVE;
				CLANG_CXX_LANGUAGE_STANDARD = "gnu++20";
				CLANG_ENABLE_MODULES = YES;
				CLANG_ENABLE_OBJC_ARC = YES;
				CLANG_ENABLE_OBJC_WEAK = YES;
				CLANG_WARN_BLOCK_CAPTURE_AUTORELEASING = YES;
				CLANG_WARN_BOOL_CONVERSION = YES;
				CLANG_WARN_COMMA = YES;
				CLANG_WARN_CONSTANT_CONVERSION = YES;
				CLANG_WARN_DEPRECATED_OBJC_IMPLEMENTATIONS = YES;
				CLANG_WARN_DIRECT_OBJC_ISA_USAGE = YES_ERROR;
				CLANG_WARN_DOCUMENTATION_COMMENTS = YES;
				CLANG_WARN_EMPTY_BODY = YES;
				CLANG_WARN_ENUM_CONVERSION = YES;
				CLANG_WARN_INFINITE_RECURSION = YES;
				CLANG_WARN_INT_CONVERSION = YES;
				CLANG_WARN_NON_LITERAL_NULL_CONVERSION = YES;
				CLANG_WARN_OBJC_IMPLICIT_RETAIN_SELF = YES;
				CLANG_WARN_OBJC_LITERAL_CONVERSION = YES;
				CLANG_WARN_OBJC_ROOT_CLASS = YES_ERROR;
				CLANG_WARN_QUOTED_INCLUDE_IN_FRAMEWORK_HEADER = YES;
				CLANG_WARN_RANGE_LOOP_ANALYSIS = YES;
				CLANG_WARN_STRICT_PROTOTYPES = YES;
				CLANG_WARN_SUSPICIOUS_MOVE = YES;
				CLANG_WARN_UNGUARDED_AVAILABILITY = YES_AGGRESSIVE;
				CLANG_WARN_UNREACHABLE_CODE = YES;
				CLANG_WARN__DUPLICATE_METHOD_MATCH = YES;
				COPY_PHASE_STRIP = NO;
				DEBUG_INFORMATION_FORMAT = "dwarf-with-dsym";
				ENABLE_NS_ASSERTIONS = NO;
				ENABLE_STRICT_OBJC_MSGSEND = YES;
				GCC_C_LANGUAGE_STANDARD = gnu11;
				GCC_NO_COMMON_BLOCKS = YES;
				GCC_WARN_64_TO_32_BIT_CONVERSION = YES;
				GCC_WARN_ABOUT_RETURN_TYPE = YES_ERROR;
				GCC_WARN_UNDECLARED_SELECTOR = YES;
				GCC_WARN_UNINITIALIZED_AUTOS = YES_AGGRESSIVE;
				GCC_WARN_UNUSED_FUNCTION = YES;
				GCC_WARN_UNUSED_VARIABLE = YES;
				IPHONEOS_DEPLOYMENT_TARGET = 16.2;
				MTL_ENABLE_DEBUG_INFO = NO;
				MTL_FAST_MATH = YES;
				SDKROOT = iphoneos;
				VALIDATE_PRODUCT = YES;
			};
			name = Release;
		};
		56A2C6D12A376D28002351BB /* Debug */ = {
			isa = XCBuildConfiguration;
			baseConfigurationReference = A82009A3CC4FE62BD0ABC7ED /* Pods-Networking.debug.xcconfig */;
			buildSettings = {
				ASSETCATALOG_COMPILER_APPICON_NAME = AppIcon;
				ASSETCATALOG_COMPILER_GLOBAL_ACCENT_COLOR_NAME = AccentColor;
				CODE_SIGN_STYLE = Automatic;
				CURRENT_PROJECT_VERSION = 1;
				DEVELOPMENT_TEAM = F6KDBC2B2W;
				GENERATE_INFOPLIST_FILE = YES;
				INFOPLIST_FILE = Networking/Info.plist;
				INFOPLIST_KEY_UIApplicationSupportsIndirectInputEvents = YES;
				INFOPLIST_KEY_UILaunchStoryboardName = LaunchScreen;
				INFOPLIST_KEY_UIMainStoryboardFile = Main;
				INFOPLIST_KEY_UISupportedInterfaceOrientations_iPad = "UIInterfaceOrientationPortrait UIInterfaceOrientationPortraitUpsideDown UIInterfaceOrientationLandscapeLeft UIInterfaceOrientationLandscapeRight";
				INFOPLIST_KEY_UISupportedInterfaceOrientations_iPhone = "UIInterfaceOrientationPortrait UIInterfaceOrientationLandscapeLeft UIInterfaceOrientationLandscapeRight";
				LD_RUNPATH_SEARCH_PATHS = (
					"$(inherited)",
					"@executable_path/Frameworks",
				);
				MARKETING_VERSION = 1.0;
				PRODUCT_BUNDLE_IDENTIFIER = com.uzupis.Networking;
				PRODUCT_NAME = "$(TARGET_NAME)";
				SWIFT_EMIT_LOC_STRINGS = YES;
				TARGETED_DEVICE_FAMILY = "1,2";
			};
			name = Debug;
		};
		56A2C6D22A376D28002351BB /* Release */ = {
			isa = XCBuildConfiguration;
			baseConfigurationReference = 8F78DF9E4D589C7BBAB1AF8A /* Pods-Networking.release.xcconfig */;
			buildSettings = {
				ASSETCATALOG_COMPILER_APPICON_NAME = AppIcon;
				ASSETCATALOG_COMPILER_GLOBAL_ACCENT_COLOR_NAME = AccentColor;
				CODE_SIGN_STYLE = Automatic;
				CURRENT_PROJECT_VERSION = 1;
				DEVELOPMENT_TEAM = F6KDBC2B2W;
				GENERATE_INFOPLIST_FILE = YES;
				INFOPLIST_FILE = Networking/Info.plist;
				INFOPLIST_KEY_UIApplicationSupportsIndirectInputEvents = YES;
				INFOPLIST_KEY_UILaunchStoryboardName = LaunchScreen;
				INFOPLIST_KEY_UIMainStoryboardFile = Main;
				INFOPLIST_KEY_UISupportedInterfaceOrientations_iPad = "UIInterfaceOrientationPortrait UIInterfaceOrientationPortraitUpsideDown UIInterfaceOrientationLandscapeLeft UIInterfaceOrientationLandscapeRight";
				INFOPLIST_KEY_UISupportedInterfaceOrientations_iPhone = "UIInterfaceOrientationPortrait UIInterfaceOrientationLandscapeLeft UIInterfaceOrientationLandscapeRight";
				LD_RUNPATH_SEARCH_PATHS = (
					"$(inherited)",
					"@executable_path/Frameworks",
				);
				MARKETING_VERSION = 1.0;
				PRODUCT_BUNDLE_IDENTIFIER = com.uzupis.Networking;
				PRODUCT_NAME = "$(TARGET_NAME)";
				SWIFT_EMIT_LOC_STRINGS = YES;
				TARGETED_DEVICE_FAMILY = "1,2";
			};
			name = Release;
		};
		56A2C6D42A376D28002351BB /* Debug */ = {
			isa = XCBuildConfiguration;
			baseConfigurationReference = 2743DA5A7B9F41D6EA91CB45 /* Pods-NetworkingTests.debug.xcconfig */;
			buildSettings = {
				BUNDLE_LOADER = "$(TEST_HOST)";
				CODE_SIGN_STYLE = Automatic;
				CURRENT_PROJECT_VERSION = 1;
				DEVELOPMENT_TEAM = F6KDBC2B2W;
				GENERATE_INFOPLIST_FILE = YES;
				IPHONEOS_DEPLOYMENT_TARGET = 16.2;
				MARKETING_VERSION = 1.0;
				PRODUCT_BUNDLE_IDENTIFIER = com.uzupis.NetworkingTests;
				PRODUCT_NAME = "$(TARGET_NAME)";
				SWIFT_EMIT_LOC_STRINGS = NO;
				TARGETED_DEVICE_FAMILY = "1,2";
				TEST_HOST = "$(BUILT_PRODUCTS_DIR)/Networking.app/$(BUNDLE_EXECUTABLE_FOLDER_PATH)/Networking";
			};
			name = Debug;
		};
		56A2C6D52A376D28002351BB /* Release */ = {
			isa = XCBuildConfiguration;
			baseConfigurationReference = 3D879CBA0A925F076E61B0EF /* Pods-NetworkingTests.release.xcconfig */;
			buildSettings = {
				BUNDLE_LOADER = "$(TEST_HOST)";
				CODE_SIGN_STYLE = Automatic;
				CURRENT_PROJECT_VERSION = 1;
				DEVELOPMENT_TEAM = F6KDBC2B2W;
				GENERATE_INFOPLIST_FILE = YES;
				IPHONEOS_DEPLOYMENT_TARGET = 16.2;
				MARKETING_VERSION = 1.0;
				PRODUCT_BUNDLE_IDENTIFIER = com.uzupis.NetworkingTests;
				PRODUCT_NAME = "$(TARGET_NAME)";
				SWIFT_EMIT_LOC_STRINGS = NO;
				TARGETED_DEVICE_FAMILY = "1,2";
				TEST_HOST = "$(BUILT_PRODUCTS_DIR)/Networking.app/$(BUNDLE_EXECUTABLE_FOLDER_PATH)/Networking";
			};
			name = Release;
		};
		56A2C6D72A376D28002351BB /* Debug */ = {
			isa = XCBuildConfiguration;
			baseConfigurationReference = 53BD2CD03125E370884FCDFA /* Pods-Networking-NetworkingUITests.debug.xcconfig */;
			buildSettings = {
				CODE_SIGN_STYLE = Automatic;
				CURRENT_PROJECT_VERSION = 1;
				DEVELOPMENT_TEAM = F6KDBC2B2W;
				GENERATE_INFOPLIST_FILE = YES;
				MARKETING_VERSION = 1.0;
				PRODUCT_BUNDLE_IDENTIFIER = com.uzupis.NetworkingUITests;
				PRODUCT_NAME = "$(TARGET_NAME)";
				SWIFT_EMIT_LOC_STRINGS = NO;
				TARGETED_DEVICE_FAMILY = "1,2";
				TEST_TARGET_NAME = Networking;
			};
			name = Debug;
		};
		56A2C6D82A376D28002351BB /* Release */ = {
			isa = XCBuildConfiguration;
			baseConfigurationReference = 07CCA2FEBE2B5113732F447E /* Pods-Networking-NetworkingUITests.release.xcconfig */;
			buildSettings = {
				CODE_SIGN_STYLE = Automatic;
				CURRENT_PROJECT_VERSION = 1;
				DEVELOPMENT_TEAM = F6KDBC2B2W;
				GENERATE_INFOPLIST_FILE = YES;
				MARKETING_VERSION = 1.0;
				PRODUCT_BUNDLE_IDENTIFIER = com.uzupis.NetworkingUITests;
				PRODUCT_NAME = "$(TARGET_NAME)";
				SWIFT_EMIT_LOC_STRINGS = NO;
				TARGETED_DEVICE_FAMILY = "1,2";
				TEST_TARGET_NAME = Networking;
			};
			name = Release;
		};
/* End XCBuildConfiguration section */

/* Begin XCConfigurationList section */
		56A2C6992A376D22002351BB /* Build configuration list for PBXProject "Networking" */ = {
			isa = XCConfigurationList;
			buildConfigurations = (
				56A2C6CE2A376D28002351BB /* Debug */,
				56A2C6CF2A376D28002351BB /* Release */,
			);
			defaultConfigurationIsVisible = 0;
			defaultConfigurationName = Release;
		};
		56A2C6D02A376D28002351BB /* Build configuration list for PBXNativeTarget "Networking" */ = {
			isa = XCConfigurationList;
			buildConfigurations = (
				56A2C6D12A376D28002351BB /* Debug */,
				56A2C6D22A376D28002351BB /* Release */,
			);
			defaultConfigurationIsVisible = 0;
			defaultConfigurationName = Release;
		};
		56A2C6D32A376D28002351BB /* Build configuration list for PBXNativeTarget "NetworkingTests" */ = {
			isa = XCConfigurationList;
			buildConfigurations = (
				56A2C6D42A376D28002351BB /* Debug */,
				56A2C6D52A376D28002351BB /* Release */,
			);
			defaultConfigurationIsVisible = 0;
			defaultConfigurationName = Release;
		};
		56A2C6D62A376D28002351BB /* Build configuration list for PBXNativeTarget "NetworkingUITests" */ = {
			isa = XCConfigurationList;
			buildConfigurations = (
				56A2C6D72A376D28002351BB /* Debug */,
				56A2C6D82A376D28002351BB /* Release */,
			);
			defaultConfigurationIsVisible = 0;
			defaultConfigurationName = Release;
		};
/* End XCConfigurationList section */

/* Begin XCVersionGroup section */
		56A2C6AD2A376D22002351BB /* Networking.xcdatamodeld */ = {
			isa = XCVersionGroup;
			children = (
				56A2C6AE2A376D22002351BB /* Networking.xcdatamodel */,
			);
			currentVersion = 56A2C6AE2A376D22002351BB /* Networking.xcdatamodel */;
			path = Networking.xcdatamodeld;
			sourceTree = "<group>";
			versionGroupType = wrapper.xcdatamodel;
		};
/* End XCVersionGroup section */
	};
	rootObject = 56A2C6962A376D22002351BB /* Project object */;
}
